
Microsoft Visual Studio Solution File, Format Version 12.00
# Visual Studio Version 17
VisualStudioVersion = 17.2.32602.215
MinimumVisualStudioVersion = 10.0.40219.1
Project("{9A19103F-16F7-4668-BE54-9A1E7A4F7556}") = "Nubimetrics.WebApi", "Nubimetrics.WebApi\Nubimetrics.WebApi.csproj", "{5F3203F4-B199-47CC-908C-12A5A115804E}"
EndProject
Project("{9A19103F-16F7-4668-BE54-9A1E7A4F7556}") = "Nubimetrics.Common", "Nubimetrics.Common\Nubimetrics.Common.csproj", "{CE28DA92-485F-41F4-AE0F-1E82B3F5D797}"
EndProject
Project("{9A19103F-16F7-4668-BE54-9A1E7A4F7556}") = "Nubimetrics.ApiClientLibrary", "Nubimetrics.ApiClient\Nubimetrics.ApiClientLibrary.csproj", "{80D6E83E-B3DD-4156-B4A9-16A33D362978}"
EndProject
Project("{FAE04EC0-301F-11D3-BF4B-00C04F79EFBC}") = "Nubimetrics.Repositories", "Nubimetrics.Repositories\Nubimetrics.Repositories.csproj", "{F0B216AA-53BE-434D-8B2B-F35CC56BCB42}"
EndProject
Project("{FAE04EC0-301F-11D3-BF4B-00C04F79EFBC}") = "Nubimetrics.ETL", "Nubimetrics.ETL\Nubimetrics.ETL.csproj", "{BDAA8D68-BF43-424A-9B02-E6714B2729F9}"
EndProject
Global
	GlobalSection(SolutionConfigurationPlatforms) = preSolution
		Debug|Any CPU = Debug|Any CPU
		Release|Any CPU = Release|Any CPU
	EndGlobalSection
	GlobalSection(ProjectConfigurationPlatforms) = postSolution
		{5F3203F4-B199-47CC-908C-12A5A115804E}.Debug|Any CPU.ActiveCfg = Debug|Any CPU
		{5F3203F4-B199-47CC-908C-12A5A115804E}.Debug|Any CPU.Build.0 = Debug|Any CPU
		{5F3203F4-B199-47CC-908C-12A5A115804E}.Release|Any CPU.ActiveCfg = Release|Any CPU
		{5F3203F4-B199-47CC-908C-12A5A115804E}.Release|Any CPU.Build.0 = Release|Any CPU
		{CE28DA92-485F-41F4-AE0F-1E82B3F5D797}.Debug|Any CPU.ActiveCfg = Debug|Any CPU
		{CE28DA92-485F-41F4-AE0F-1E82B3F5D797}.Debug|Any CPU.Build.0 = Debug|Any CPU
		{CE28DA92-485F-41F4-AE0F-1E82B3F5D797}.Release|Any CPU.ActiveCfg = Release|Any CPU
		{CE28DA92-485F-41F4-AE0F-1E82B3F5D797}.Release|Any CPU.Build.0 = Release|Any CPU
		{80D6E83E-B3DD-4156-B4A9-16A33D362978}.Debug|Any CPU.ActiveCfg = Debug|Any CPU
		{80D6E83E-B3DD-4156-B4A9-16A33D362978}.Debug|Any CPU.Build.0 = Debug|Any CPU
		{80D6E83E-B3DD-4156-B4A9-16A33D362978}.Release|Any CPU.ActiveCfg = Release|Any CPU
		{80D6E83E-B3DD-4156-B4A9-16A33D362978}.Release|Any CPU.Build.0 = Release|Any CPU
		{F0B216AA-53BE-434D-8B2B-F35CC56BCB42}.Debug|Any CPU.ActiveCfg = Debug|Any CPU
		{F0B216AA-53BE-434D-8B2B-F35CC56BCB42}.Debug|Any CPU.Build.0 = Debug|Any CPU
		{F0B216AA-53BE-434D-8B2B-F35CC56BCB42}.Release|Any CPU.ActiveCfg = Release|Any CPU
		{F0B216AA-53BE-434D-8B2B-F35CC56BCB42}.Release|Any CPU.Build.0 = Release|Any CPU
		{BDAA8D68-BF43-424A-9B02-E6714B2729F9}.Debug|Any CPU.ActiveCfg = Debug|Any CPU
		{BDAA8D68-BF43-424A-9B02-E6714B2729F9}.Debug|Any CPU.Build.0 = Debug|Any CPU
		{BDAA8D68-BF43-424A-9B02-E6714B2729F9}.Release|Any CPU.ActiveCfg = Release|Any CPU
		{BDAA8D68-BF43-424A-9B02-E6714B2729F9}.Release|Any CPU.Build.0 = Release|Any CPU
	EndGlobalSection
	GlobalSection(SolutionProperties) = preSolution
		HideSolutionNode = FALSE
	EndGlobalSection
	GlobalSection(ExtensibilityGlobals) = postSolution
		SolutionGuid = {1578E40D-7F82-4204-9451-0784D1B1FD4B}
	EndGlobalSection
EndGlobal
