
Microsoft Visual Studio Solution File, Format Version 12.00
# Visual Studio Version 17
VisualStudioVersion = 17.2.32602.215
MinimumVisualStudioVersion = 10.0.40219.1
Project("{FAE04EC0-301F-11D3-BF4B-00C04F79EFBC}") = "Nubimetrics.WebApi", "Nubimetrics.WebApi\Nubimetrics.WebApi.csproj", "{5F3203F4-B199-47CC-908C-12A5A115804E}"
EndProject
Project("{FAE04EC0-301F-11D3-BF4B-00C04F79EFBC}") = "Nubimetrics.Common", "Nubimetrics.Common\Nubimetrics.Common.csproj", "{CE28DA92-485F-41F4-AE0F-1E82B3F5D797}"
EndProject
Global
	GlobalSection(SolutionConfigurationPlatforms) = preSolution
		Debug|Any CPU = Debug|Any CPU
		Release|Any CPU = Release|Any CPU
	EndGlobalSection
	GlobalSection(ProjectConfigurationPlatforms) = postSolution
		{5F3203F4-B199-47CC-908C-12A5A115804E}.Debug|Any CPU.ActiveCfg = Debug|Any CPU
		{5F3203F4-B199-47CC-908C-12A5A115804E}.Debug|Any CPU.Build.0 = Debug|Any CPU
		{5F3203F4-B199-47CC-908C-12A5A115804E}.Release|Any CPU.ActiveCfg = Release|Any CPU
		{5F3203F4-B199-47CC-908C-12A5A115804E}.Release|Any CPU.Build.0 = Release|Any CPU
		{CE28DA92-485F-41F4-AE0F-1E82B3F5D797}.Debug|Any CPU.ActiveCfg = Debug|Any CPU
		{CE28DA92-485F-41F4-AE0F-1E82B3F5D797}.Debug|Any CPU.Build.0 = Debug|Any CPU
		{CE28DA92-485F-41F4-AE0F-1E82B3F5D797}.Release|Any CPU.ActiveCfg = Release|Any CPU
		{CE28DA92-485F-41F4-AE0F-1E82B3F5D797}.Release|Any CPU.Build.0 = Release|Any CPU
	EndGlobalSection
	GlobalSection(SolutionProperties) = preSolution
		HideSolutionNode = FALSE
	EndGlobalSection
	GlobalSection(ExtensibilityGlobals) = postSolution
		SolutionGuid = {1578E40D-7F82-4204-9451-0784D1B1FD4B}
	EndGlobalSection
EndGlobal
